
Microsoft Visual Studio Solution File, Format Version 12.00
# Visual Studio 15
Project("{FAE04EC0-301F-11D3-BF4B-00C04F79EFBC}") = "UniHumanoid", "UniHumanoid.csproj", "{99D19C4C-68E0-B3C2-65B7-75E96DA769A1}"
EndProject
Project("{FAE04EC0-301F-11D3-BF4B-00C04F79EFBC}") = "VRM10.Editor", "VRM10.Editor.csproj", "{84F7C14F-751F-791E-9D16-0831C5AFBB0C}"
EndProject
Project("{FAE04EC0-301F-11D3-BF4B-00C04F79EFBC}") = "UniGLTF.Editor", "UniGLTF.Editor.csproj", "{32303C16-9446-5C88-BFA5-126F7EAB4AE8}"
EndProject
Project("{FAE04EC0-301F-11D3-BF4B-00C04F79EFBC}") = "UniGLTF", "UniGLTF.csproj", "{38418842-566E-2B0E-71F7-1260B7C5B4FB}"
EndProject
Project("{FAE04EC0-301F-11D3-BF4B-00C04F79EFBC}") = "VRM10", "VRM10.csproj", "{754F60B5-C955-6B68-12E9-5CEB7E3675A0}"
EndProject
Project("{FAE04EC0-301F-11D3-BF4B-00C04F79EFBC}") = "VrmLibTests", "VrmLibTests.csproj", "{39EE2E1C-1514-4620-6F59-AF2E72AB1B08}"
EndProject
Project("{FAE04EC0-301F-11D3-BF4B-00C04F79EFBC}") = "VrmLib", "VrmLib.csproj", "{8C09EE3A-CD2A-8800-E45E-2C3FF1876EEC}"
EndProject
Project("{FAE04EC0-301F-11D3-BF4B-00C04F79EFBC}") = "UniGLTF.Tests", "UniGLTF.Tests.csproj", "{23AEF69F-E55F-00EA-DAA4-80B31EC91DDD}"
EndProject
Project("{FAE04EC0-301F-11D3-BF4B-00C04F79EFBC}") = "SpringBoneJobs", "SpringBoneJobs.csproj", "{DC7E033A-2AB5-9BBD-902D-EC2CF0D28BA1}"
EndProject
Project("{FAE04EC0-301F-11D3-BF4B-00C04F79EFBC}") = "VRM10.MToon10", "VRM10.MToon10.csproj", "{F3265965-66D2-E9CD-D1CD-066A56B7998C}"
EndProject
Project("{FAE04EC0-301F-11D3-BF4B-00C04F79EFBC}") = "Assembly-CSharp", "Assembly-CSharp.csproj", "{42E85E49-C1B6-5465-AA7D-12064336A8B7}"
EndProject
Project("{FAE04EC0-301F-11D3-BF4B-00C04F79EFBC}") = "UniGLTF.Utils", "UniGLTF.Utils.csproj", "{A4A8BD33-99D0-7E6B-15A3-FC5C38BFA67B}"
EndProject
Project("{FAE04EC0-301F-11D3-BF4B-00C04F79EFBC}") = "UniHumanoid.Editor", "UniHumanoid.Editor.csproj", "{3EF19519-E2DD-0D1F-A225-8406E41DA9AA}"
EndProject
Project("{FAE04EC0-301F-11D3-BF4B-00C04F79EFBC}") = "VRM10.MToon10.Editor", "VRM10.MToon10.Editor.csproj", "{730A2767-F3AA-5B32-39EC-2C34DAB4E6A8}"
EndProject
Project("{FAE04EC0-301F-11D3-BF4B-00C04F79EFBC}") = "VRM10.Tests", "VRM10.Tests.csproj", "{C739F87C-4E6D-CE00-775E-F18D8CAF383E}"
EndProject
Project("{FAE04EC0-301F-11D3-BF4B-00C04F79EFBC}") = "UniGLTF.UniUnlit", "UniGLTF.UniUnlit.csproj", "{CB74CF8D-C75F-C310-6918-1B2BC08CC1AE}"
EndProject
Project("{FAE04EC0-301F-11D3-BF4B-00C04F79EFBC}") = "UniGLTF.UniUnlit.Editor", "UniGLTF.UniUnlit.Editor.csproj", "{7C5D773A-725D-5C74-BB39-72E1DA7B40B6}"
EndProject
Project("{FAE04EC0-301F-11D3-BF4B-00C04F79EFBC}") = "VRM10.MToon10.Tests", "VRM10.MToon10.Tests.csproj", "{B2B8B7B2-3B4F-CD59-DEDF-D3ADB9B40E1D}"
EndProject
Project("{FAE04EC0-301F-11D3-BF4B-00C04F79EFBC}") = "FastSpringBone10", "FastSpringBone10.csproj", "{9743E13D-BD6B-1AA2-AAD0-FF82DF7758FF}"
EndProject
Project("{FAE04EC0-301F-11D3-BF4B-00C04F79EFBC}") = "UniHumanoid.Editor.Tests", "UniHumanoid.Editor.Tests.csproj", "{2F88C4DD-8F3C-53CC-DF27-7407CC5D0B2A}"
EndProject
Global
	GlobalSection(SolutionConfigurationPlatforms) = preSolution
		Debug|Any CPU = Debug|Any CPU
		Release|Any CPU = Release|Any CPU
	EndGlobalSection
	GlobalSection(ProjectConfigurationPlatforms) = postSolution
		{99D19C4C-68E0-B3C2-65B7-75E96DA769A1}.Debug|Any CPU.ActiveCfg = Debug|Any CPU
		{99D19C4C-68E0-B3C2-65B7-75E96DA769A1}.Debug|Any CPU.Build.0 = Debug|Any CPU
		{99D19C4C-68E0-B3C2-65B7-75E96DA769A1}.Release|Any CPU.ActiveCfg = Release|Any CPU
		{99D19C4C-68E0-B3C2-65B7-75E96DA769A1}.Release|Any CPU.Build.0 = Release|Any CPU
		{84F7C14F-751F-791E-9D16-0831C5AFBB0C}.Debug|Any CPU.ActiveCfg = Debug|Any CPU
		{84F7C14F-751F-791E-9D16-0831C5AFBB0C}.Debug|Any CPU.Build.0 = Debug|Any CPU
		{84F7C14F-751F-791E-9D16-0831C5AFBB0C}.Release|Any CPU.ActiveCfg = Release|Any CPU
		{84F7C14F-751F-791E-9D16-0831C5AFBB0C}.Release|Any CPU.Build.0 = Release|Any CPU
		{32303C16-9446-5C88-BFA5-126F7EAB4AE8}.Debug|Any CPU.ActiveCfg = Debug|Any CPU
		{32303C16-9446-5C88-BFA5-126F7EAB4AE8}.Debug|Any CPU.Build.0 = Debug|Any CPU
		{32303C16-9446-5C88-BFA5-126F7EAB4AE8}.Release|Any CPU.ActiveCfg = Release|Any CPU
		{32303C16-9446-5C88-BFA5-126F7EAB4AE8}.Release|Any CPU.Build.0 = Release|Any CPU
		{38418842-566E-2B0E-71F7-1260B7C5B4FB}.Debug|Any CPU.ActiveCfg = Debug|Any CPU
		{38418842-566E-2B0E-71F7-1260B7C5B4FB}.Debug|Any CPU.Build.0 = Debug|Any CPU
		{38418842-566E-2B0E-71F7-1260B7C5B4FB}.Release|Any CPU.ActiveCfg = Release|Any CPU
		{38418842-566E-2B0E-71F7-1260B7C5B4FB}.Release|Any CPU.Build.0 = Release|Any CPU
		{754F60B5-C955-6B68-12E9-5CEB7E3675A0}.Debug|Any CPU.ActiveCfg = Debug|Any CPU
		{754F60B5-C955-6B68-12E9-5CEB7E3675A0}.Debug|Any CPU.Build.0 = Debug|Any CPU
		{754F60B5-C955-6B68-12E9-5CEB7E3675A0}.Release|Any CPU.ActiveCfg = Release|Any CPU
		{754F60B5-C955-6B68-12E9-5CEB7E3675A0}.Release|Any CPU.Build.0 = Release|Any CPU
		{39EE2E1C-1514-4620-6F59-AF2E72AB1B08}.Debug|Any CPU.ActiveCfg = Debug|Any CPU
		{39EE2E1C-1514-4620-6F59-AF2E72AB1B08}.Debug|Any CPU.Build.0 = Debug|Any CPU
		{39EE2E1C-1514-4620-6F59-AF2E72AB1B08}.Release|Any CPU.ActiveCfg = Release|Any CPU
		{39EE2E1C-1514-4620-6F59-AF2E72AB1B08}.Release|Any CPU.Build.0 = Release|Any CPU
		{8C09EE3A-CD2A-8800-E45E-2C3FF1876EEC}.Debug|Any CPU.ActiveCfg = Debug|Any CPU
		{8C09EE3A-CD2A-8800-E45E-2C3FF1876EEC}.Debug|Any CPU.Build.0 = Debug|Any CPU
		{8C09EE3A-CD2A-8800-E45E-2C3FF1876EEC}.Release|Any CPU.ActiveCfg = Release|Any CPU
		{8C09EE3A-CD2A-8800-E45E-2C3FF1876EEC}.Release|Any CPU.Build.0 = Release|Any CPU
		{23AEF69F-E55F-00EA-DAA4-80B31EC91DDD}.Debug|Any CPU.ActiveCfg = Debug|Any CPU
		{23AEF69F-E55F-00EA-DAA4-80B31EC91DDD}.Debug|Any CPU.Build.0 = Debug|Any CPU
		{23AEF69F-E55F-00EA-DAA4-80B31EC91DDD}.Release|Any CPU.ActiveCfg = Release|Any CPU
		{23AEF69F-E55F-00EA-DAA4-80B31EC91DDD}.Release|Any CPU.Build.0 = Release|Any CPU
		{DC7E033A-2AB5-9BBD-902D-EC2CF0D28BA1}.Debug|Any CPU.ActiveCfg = Debug|Any CPU
		{DC7E033A-2AB5-9BBD-902D-EC2CF0D28BA1}.Debug|Any CPU.Build.0 = Debug|Any CPU
		{DC7E033A-2AB5-9BBD-902D-EC2CF0D28BA1}.Release|Any CPU.ActiveCfg = Release|Any CPU
		{DC7E033A-2AB5-9BBD-902D-EC2CF0D28BA1}.Release|Any CPU.Build.0 = Release|Any CPU
		{F3265965-66D2-E9CD-D1CD-066A56B7998C}.Debug|Any CPU.ActiveCfg = Debug|Any CPU
		{F3265965-66D2-E9CD-D1CD-066A56B7998C}.Debug|Any CPU.Build.0 = Debug|Any CPU
		{F3265965-66D2-E9CD-D1CD-066A56B7998C}.Release|Any CPU.ActiveCfg = Release|Any CPU
		{F3265965-66D2-E9CD-D1CD-066A56B7998C}.Release|Any CPU.Build.0 = Release|Any CPU
		{42E85E49-C1B6-5465-AA7D-12064336A8B7}.Debug|Any CPU.ActiveCfg = Debug|Any CPU
		{42E85E49-C1B6-5465-AA7D-12064336A8B7}.Debug|Any CPU.Build.0 = Debug|Any CPU
		{42E85E49-C1B6-5465-AA7D-12064336A8B7}.Release|Any CPU.ActiveCfg = Release|Any CPU
		{42E85E49-C1B6-5465-AA7D-12064336A8B7}.Release|Any CPU.Build.0 = Release|Any CPU
		{A4A8BD33-99D0-7E6B-15A3-FC5C38BFA67B}.Debug|Any CPU.ActiveCfg = Debug|Any CPU
		{A4A8BD33-99D0-7E6B-15A3-FC5C38BFA67B}.Debug|Any CPU.Build.0 = Debug|Any CPU
		{A4A8BD33-99D0-7E6B-15A3-FC5C38BFA67B}.Release|Any CPU.ActiveCfg = Release|Any CPU
		{A4A8BD33-99D0-7E6B-15A3-FC5C38BFA67B}.Release|Any CPU.Build.0 = Release|Any CPU
		{3EF19519-E2DD-0D1F-A225-8406E41DA9AA}.Debug|Any CPU.ActiveCfg = Debug|Any CPU
		{3EF19519-E2DD-0D1F-A225-8406E41DA9AA}.Debug|Any CPU.Build.0 = Debug|Any CPU
		{3EF19519-E2DD-0D1F-A225-8406E41DA9AA}.Release|Any CPU.ActiveCfg = Release|Any CPU
		{3EF19519-E2DD-0D1F-A225-8406E41DA9AA}.Release|Any CPU.Build.0 = Release|Any CPU
		{730A2767-F3AA-5B32-39EC-2C34DAB4E6A8}.Debug|Any CPU.ActiveCfg = Debug|Any CPU
		{730A2767-F3AA-5B32-39EC-2C34DAB4E6A8}.Debug|Any CPU.Build.0 = Debug|Any CPU
		{730A2767-F3AA-5B32-39EC-2C34DAB4E6A8}.Release|Any CPU.ActiveCfg = Release|Any CPU
		{730A2767-F3AA-5B32-39EC-2C34DAB4E6A8}.Release|Any CPU.Build.0 = Release|Any CPU
		{C739F87C-4E6D-CE00-775E-F18D8CAF383E}.Debug|Any CPU.ActiveCfg = Debug|Any CPU
		{C739F87C-4E6D-CE00-775E-F18D8CAF383E}.Debug|Any CPU.Build.0 = Debug|Any CPU
		{C739F87C-4E6D-CE00-775E-F18D8CAF383E}.Release|Any CPU.ActiveCfg = Release|Any CPU
		{C739F87C-4E6D-CE00-775E-F18D8CAF383E}.Release|Any CPU.Build.0 = Release|Any CPU
		{CB74CF8D-C75F-C310-6918-1B2BC08CC1AE}.Debug|Any CPU.ActiveCfg = Debug|Any CPU
		{CB74CF8D-C75F-C310-6918-1B2BC08CC1AE}.Debug|Any CPU.Build.0 = Debug|Any CPU
		{CB74CF8D-C75F-C310-6918-1B2BC08CC1AE}.Release|Any CPU.ActiveCfg = Release|Any CPU
		{CB74CF8D-C75F-C310-6918-1B2BC08CC1AE}.Release|Any CPU.Build.0 = Release|Any CPU
		{7C5D773A-725D-5C74-BB39-72E1DA7B40B6}.Debug|Any CPU.ActiveCfg = Debug|Any CPU
		{7C5D773A-725D-5C74-BB39-72E1DA7B40B6}.Debug|Any CPU.Build.0 = Debug|Any CPU
		{7C5D773A-725D-5C74-BB39-72E1DA7B40B6}.Release|Any CPU.ActiveCfg = Release|Any CPU
		{7C5D773A-725D-5C74-BB39-72E1DA7B40B6}.Release|Any CPU.Build.0 = Release|Any CPU
		{B2B8B7B2-3B4F-CD59-DEDF-D3ADB9B40E1D}.Debug|Any CPU.ActiveCfg = Debug|Any CPU
		{B2B8B7B2-3B4F-CD59-DEDF-D3ADB9B40E1D}.Debug|Any CPU.Build.0 = Debug|Any CPU
		{B2B8B7B2-3B4F-CD59-DEDF-D3ADB9B40E1D}.Release|Any CPU.ActiveCfg = Release|Any CPU
		{B2B8B7B2-3B4F-CD59-DEDF-D3ADB9B40E1D}.Release|Any CPU.Build.0 = Release|Any CPU
		{9743E13D-BD6B-1AA2-AAD0-FF82DF7758FF}.Debug|Any CPU.ActiveCfg = Debug|Any CPU
		{9743E13D-BD6B-1AA2-AAD0-FF82DF7758FF}.Debug|Any CPU.Build.0 = Debug|Any CPU
		{9743E13D-BD6B-1AA2-AAD0-FF82DF7758FF}.Release|Any CPU.ActiveCfg = Release|Any CPU
		{9743E13D-BD6B-1AA2-AAD0-FF82DF7758FF}.Release|Any CPU.Build.0 = Release|Any CPU
		{2F88C4DD-8F3C-53CC-DF27-7407CC5D0B2A}.Debug|Any CPU.ActiveCfg = Debug|Any CPU
		{2F88C4DD-8F3C-53CC-DF27-7407CC5D0B2A}.Debug|Any CPU.Build.0 = Debug|Any CPU
		{2F88C4DD-8F3C-53CC-DF27-7407CC5D0B2A}.Release|Any CPU.ActiveCfg = Release|Any CPU
		{2F88C4DD-8F3C-53CC-DF27-7407CC5D0B2A}.Release|Any CPU.Build.0 = Release|Any CPU
	EndGlobalSection
	GlobalSection(SolutionProperties) = preSolution
		HideSolutionNode = FALSE
	EndGlobalSection
EndGlobal
