
Microsoft Visual Studio Solution File, Format Version 12.00
# Visual Studio 15
Project("{FAE04EC0-301F-11D3-BF4B-00C04F79EFBC}") = "Assembly-CSharp-Editor", "Assembly-CSharp-Editor.csproj", "{543A6D47-EB6E-6ED9-996B-2E39601DA878}"
EndProject
Project("{FAE04EC0-301F-11D3-BF4B-00C04F79EFBC}") = "Assembly-CSharp", "Assembly-CSharp.csproj", "{42E85E49-C1B6-5465-AA7D-12064336A8B7}"
EndProject
Global
	GlobalSection(SolutionConfigurationPlatforms) = preSolution
		Debug|Any CPU = Debug|Any CPU
		Release|Any CPU = Release|Any CPU
	EndGlobalSection
	GlobalSection(ProjectConfigurationPlatforms) = postSolution
		{543A6D47-EB6E-6ED9-996B-2E39601DA878}.Debug|Any CPU.ActiveCfg = Debug|Any CPU
		{543A6D47-EB6E-6ED9-996B-2E39601DA878}.Debug|Any CPU.Build.0 = Debug|Any CPU
		{543A6D47-EB6E-6ED9-996B-2E39601DA878}.Release|Any CPU.ActiveCfg = Release|Any CPU
		{543A6D47-EB6E-6ED9-996B-2E39601DA878}.Release|Any CPU.Build.0 = Release|Any CPU
		{42E85E49-C1B6-5465-AA7D-12064336A8B7}.Debug|Any CPU.ActiveCfg = Debug|Any CPU
		{42E85E49-C1B6-5465-AA7D-12064336A8B7}.Debug|Any CPU.Build.0 = Debug|Any CPU
		{42E85E49-C1B6-5465-AA7D-12064336A8B7}.Release|Any CPU.ActiveCfg = Release|Any CPU
		{42E85E49-C1B6-5465-AA7D-12064336A8B7}.Release|Any CPU.Build.0 = Release|Any CPU
	EndGlobalSection
	GlobalSection(SolutionProperties) = preSolution
		HideSolutionNode = FALSE
	EndGlobalSection
EndGlobal
